// !$*UTF8*$!
{
	archiveVersion = 1;
	classes = {
	};
	objectVersion = 56;
	objects = {

/* Begin PBXBuildFile section */
		56D84977BC9D54A749180F59 /* Pods_MarvelApp_MarvelAppUITests.framework in Frameworks */ = {isa = PBXBuildFile; fileRef = 35E91E30512CA95B1A1ACA94 /* Pods_MarvelApp_MarvelAppUITests.framework */; };
		63DB9AC28CFB1D0F1E2972DA /* Pods_MarvelApp.framework in Frameworks */ = {isa = PBXBuildFile; fileRef = FD8A6A40192698D928D6B514 /* Pods_MarvelApp.framework */; };
		D5B7A7AF05CF265DF1E309CF /* Pods_MarvelAppTests.framework in Frameworks */ = {isa = PBXBuildFile; fileRef = 29833B6EFE4B34C7FC4D51B3 /* Pods_MarvelAppTests.framework */; };
		F718054129F8C412008EE177 /* UserTextField.swift in Sources */ = {isa = PBXBuildFile; fileRef = F718054029F8C412008EE177 /* UserTextField.swift */; };
		F71853A429F6FE4F00DDE5F2 /* Onboarding.storyboard in Resources */ = {isa = PBXBuildFile; fileRef = F71853A329F6FE4F00DDE5F2 /* Onboarding.storyboard */; };
		F72B0C9D29F88C9F00A1D75B /* RegisterViewController.swift in Sources */ = {isa = PBXBuildFile; fileRef = F72B0C9C29F88C9F00A1D75B /* RegisterViewController.swift */; };
		F72B0C9F29F88D2000A1D75B /* Register.storyboard in Resources */ = {isa = PBXBuildFile; fileRef = F72B0C9E29F88D2000A1D75B /* Register.storyboard */; };
		F72B0CA429F88F6F00A1D75B /* AMShape.swift in Sources */ = {isa = PBXBuildFile; fileRef = F72B0CA329F88F6F00A1D75B /* AMShape.swift */; };
		F72B0CA629F88F7900A1D75B /* AMShadow.swift in Sources */ = {isa = PBXBuildFile; fileRef = F72B0CA529F88F7900A1D75B /* AMShadow.swift */; };
		F72B0CA829F88F8100A1D75B /* AMBorder.swift in Sources */ = {isa = PBXBuildFile; fileRef = F72B0CA729F88F8100A1D75B /* AMBorder.swift */; };
		F72B0CAE29F8942100A1D75B /* AMTextField.swift in Sources */ = {isa = PBXBuildFile; fileRef = F72B0CAD29F8942100A1D75B /* AMTextField.swift */; };
		F72B0CB029F8948400A1D75B /* AMLabel.swift in Sources */ = {isa = PBXBuildFile; fileRef = F72B0CAF29F8948400A1D75B /* AMLabel.swift */; };
		F72B0CB229F8949F00A1D75B /* AMView.swift in Sources */ = {isa = PBXBuildFile; fileRef = F72B0CB129F8949F00A1D75B /* AMView.swift */; };
		F72B0CB429F894B100A1D75B /* AMButton.swift in Sources */ = {isa = PBXBuildFile; fileRef = F72B0CB329F894B100A1D75B /* AMButton.swift */; };
		F72B0CB729F8962400A1D75B /* ActionButton.swift in Sources */ = {isa = PBXBuildFile; fileRef = F72B0CB629F8962400A1D75B /* ActionButton.swift */; };
		F72B0CBA29F8964800A1D75B /* PasswordTextField.swift in Sources */ = {isa = PBXBuildFile; fileRef = F72B0CB929F8964800A1D75B /* PasswordTextField.swift */; };
		F72B0CBC29F8965200A1D75B /* EmailTextField.swift in Sources */ = {isa = PBXBuildFile; fileRef = F72B0CBB29F8965200A1D75B /* EmailTextField.swift */; };
		F72B0CBE29F8965E00A1D75B /* GenericTextField.swift in Sources */ = {isa = PBXBuildFile; fileRef = F72B0CBD29F8965E00A1D75B /* GenericTextField.swift */; };
		F72B0CC029F8969900A1D75B /* ContentView.swift in Sources */ = {isa = PBXBuildFile; fileRef = F72B0CBF29F8969900A1D75B /* ContentView.swift */; };
		F72B0CC729F8A27300A1D75B /* Comfortaa-Regular.ttf in Resources */ = {isa = PBXBuildFile; fileRef = F72B0CC229F8A27200A1D75B /* Comfortaa-Regular.ttf */; };
		F72B0CC829F8A27300A1D75B /* Comfortaa-SemiBold.ttf in Resources */ = {isa = PBXBuildFile; fileRef = F72B0CC329F8A27200A1D75B /* Comfortaa-SemiBold.ttf */; };
		F72B0CC929F8A27300A1D75B /* Comfortaa-Medium.ttf in Resources */ = {isa = PBXBuildFile; fileRef = F72B0CC429F8A27200A1D75B /* Comfortaa-Medium.ttf */; };
		F72B0CCA29F8A27300A1D75B /* Comfortaa-Light.ttf in Resources */ = {isa = PBXBuildFile; fileRef = F72B0CC529F8A27200A1D75B /* Comfortaa-Light.ttf */; };
		F72B0CCB29F8A27300A1D75B /* Comfortaa-Bold.ttf in Resources */ = {isa = PBXBuildFile; fileRef = F72B0CC629F8A27300A1D75B /* Comfortaa-Bold.ttf */; };
		F73DE39529F19A08005A358A /* AppDelegate.swift in Sources */ = {isa = PBXBuildFile; fileRef = F73DE39429F19A08005A358A /* AppDelegate.swift */; };
		F73DE39729F19A08005A358A /* SceneDelegate.swift in Sources */ = {isa = PBXBuildFile; fileRef = F73DE39629F19A08005A358A /* SceneDelegate.swift */; };
		F73DE39E29F19A0B005A358A /* Assets.xcassets in Resources */ = {isa = PBXBuildFile; fileRef = F73DE39D29F19A0B005A358A /* Assets.xcassets */; };
		F73DE3A129F19A0B005A358A /* LaunchScreen.storyboard in Resources */ = {isa = PBXBuildFile; fileRef = F73DE39F29F19A0B005A358A /* LaunchScreen.storyboard */; };
		F73DE3AC29F19A0B005A358A /* MarvelAppTests.swift in Sources */ = {isa = PBXBuildFile; fileRef = F73DE3AB29F19A0B005A358A /* MarvelAppTests.swift */; };
		F73DE3B629F19A0B005A358A /* MarvelAppUITests.swift in Sources */ = {isa = PBXBuildFile; fileRef = F73DE3B529F19A0B005A358A /* MarvelAppUITests.swift */; };
		F73DE3B829F19A0B005A358A /* MarvelAppUITestsLaunchTests.swift in Sources */ = {isa = PBXBuildFile; fileRef = F73DE3B729F19A0B005A358A /* MarvelAppUITestsLaunchTests.swift */; };
		F79F427929F7559E0072B4B7 /* OnboardingCollectionViewCell.swift in Sources */ = {isa = PBXBuildFile; fileRef = F79F427829F7559E0072B4B7 /* OnboardingCollectionViewCell.swift */; };
		F79F427C29F75BCA0072B4B7 /* OnboardingSlide.swift in Sources */ = {isa = PBXBuildFile; fileRef = F79F427B29F75BCA0072B4B7 /* OnboardingSlide.swift */; };
		F79F427E29F75E4A0072B4B7 /* OnboardingViewController.swift in Sources */ = {isa = PBXBuildFile; fileRef = F79F427D29F75E4A0072B4B7 /* OnboardingViewController.swift */; };
		F79F428129F772300072B4B7 /* LoginViewController.swift in Sources */ = {isa = PBXBuildFile; fileRef = F79F428029F772300072B4B7 /* LoginViewController.swift */; };
		F79F428329F772420072B4B7 /* Login.storyboard in Resources */ = {isa = PBXBuildFile; fileRef = F79F428229F772420072B4B7 /* Login.storyboard */; };
		F79F428529F7799A0072B4B7 /* ViewController.swift in Sources */ = {isa = PBXBuildFile; fileRef = F79F428429F7799A0072B4B7 /* ViewController.swift */; };
		F79F428829F779A80072B4B7 /* Main.storyboard in Resources */ = {isa = PBXBuildFile; fileRef = F79F428629F779A80072B4B7 /* Main.storyboard */; };
		F7D14BE329F99D2200624F6E /* MUIKit.framework in Frameworks */ = {isa = PBXBuildFile; fileRef = F7D14BE229F99D2200624F6E /* MUIKit.framework */; };
/* End PBXBuildFile section */

/* Begin PBXContainerItemProxy section */
		F73DE3A829F19A0B005A358A /* PBXContainerItemProxy */ = {
			isa = PBXContainerItemProxy;
			containerPortal = F73DE38929F19A08005A358A /* Project object */;
			proxyType = 1;
			remoteGlobalIDString = F73DE39029F19A08005A358A;
			remoteInfo = MarvelApp;
		};
		F73DE3B229F19A0B005A358A /* PBXContainerItemProxy */ = {
			isa = PBXContainerItemProxy;
			containerPortal = F73DE38929F19A08005A358A /* Project object */;
			proxyType = 1;
			remoteGlobalIDString = F73DE39029F19A08005A358A;
			remoteInfo = MarvelApp;
		};
/* End PBXContainerItemProxy section */

/* Begin PBXFileReference section */
		29833B6EFE4B34C7FC4D51B3 /* Pods_MarvelAppTests.framework */ = {isa = PBXFileReference; explicitFileType = wrapper.framework; includeInIndex = 0; path = Pods_MarvelAppTests.framework; sourceTree = BUILT_PRODUCTS_DIR; };
		2A6A3FAD4178C424B1EB549E /* Pods-MarvelApp-MarvelAppUITests.release.xcconfig */ = {isa = PBXFileReference; includeInIndex = 1; lastKnownFileType = text.xcconfig; name = "Pods-MarvelApp-MarvelAppUITests.release.xcconfig"; path = "Target Support Files/Pods-MarvelApp-MarvelAppUITests/Pods-MarvelApp-MarvelAppUITests.release.xcconfig"; sourceTree = "<group>"; };
		35E91E30512CA95B1A1ACA94 /* Pods_MarvelApp_MarvelAppUITests.framework */ = {isa = PBXFileReference; explicitFileType = wrapper.framework; includeInIndex = 0; path = Pods_MarvelApp_MarvelAppUITests.framework; sourceTree = BUILT_PRODUCTS_DIR; };
		52858788F43F5D954E685E3E /* Pods-MarvelApp.release.xcconfig */ = {isa = PBXFileReference; includeInIndex = 1; lastKnownFileType = text.xcconfig; name = "Pods-MarvelApp.release.xcconfig"; path = "Target Support Files/Pods-MarvelApp/Pods-MarvelApp.release.xcconfig"; sourceTree = "<group>"; };
		8A8FA66F1E2137EFC5C3A59B /* Pods-MarvelAppTests.release.xcconfig */ = {isa = PBXFileReference; includeInIndex = 1; lastKnownFileType = text.xcconfig; name = "Pods-MarvelAppTests.release.xcconfig"; path = "Target Support Files/Pods-MarvelAppTests/Pods-MarvelAppTests.release.xcconfig"; sourceTree = "<group>"; };
		909D4751C1D20AF09916DE1F /* Pods-MarvelApp.debug.xcconfig */ = {isa = PBXFileReference; includeInIndex = 1; lastKnownFileType = text.xcconfig; name = "Pods-MarvelApp.debug.xcconfig"; path = "Target Support Files/Pods-MarvelApp/Pods-MarvelApp.debug.xcconfig"; sourceTree = "<group>"; };
		DB54C9ABAFD82404B080EA1B /* Pods-MarvelApp-MarvelAppUITests.debug.xcconfig */ = {isa = PBXFileReference; includeInIndex = 1; lastKnownFileType = text.xcconfig; name = "Pods-MarvelApp-MarvelAppUITests.debug.xcconfig"; path = "Target Support Files/Pods-MarvelApp-MarvelAppUITests/Pods-MarvelApp-MarvelAppUITests.debug.xcconfig"; sourceTree = "<group>"; };
		F4FCA3EEF3AC639F70675C92 /* Pods-MarvelAppTests.debug.xcconfig */ = {isa = PBXFileReference; includeInIndex = 1; lastKnownFileType = text.xcconfig; name = "Pods-MarvelAppTests.debug.xcconfig"; path = "Target Support Files/Pods-MarvelAppTests/Pods-MarvelAppTests.debug.xcconfig"; sourceTree = "<group>"; };
		F718054029F8C412008EE177 /* UserTextField.swift */ = {isa = PBXFileReference; lastKnownFileType = sourcecode.swift; path = UserTextField.swift; sourceTree = "<group>"; };
		F71853A329F6FE4F00DDE5F2 /* Onboarding.storyboard */ = {isa = PBXFileReference; lastKnownFileType = file.storyboard; path = Onboarding.storyboard; sourceTree = "<group>"; };
		F72B0C9C29F88C9F00A1D75B /* RegisterViewController.swift */ = {isa = PBXFileReference; lastKnownFileType = sourcecode.swift; path = RegisterViewController.swift; sourceTree = "<group>"; };
		F72B0C9E29F88D2000A1D75B /* Register.storyboard */ = {isa = PBXFileReference; lastKnownFileType = file.storyboard; path = Register.storyboard; sourceTree = "<group>"; };
		F72B0CA329F88F6F00A1D75B /* AMShape.swift */ = {isa = PBXFileReference; lastKnownFileType = sourcecode.swift; path = AMShape.swift; sourceTree = "<group>"; };
		F72B0CA529F88F7900A1D75B /* AMShadow.swift */ = {isa = PBXFileReference; lastKnownFileType = sourcecode.swift; path = AMShadow.swift; sourceTree = "<group>"; };
		F72B0CA729F88F8100A1D75B /* AMBorder.swift */ = {isa = PBXFileReference; lastKnownFileType = sourcecode.swift; path = AMBorder.swift; sourceTree = "<group>"; };
		F72B0CAD29F8942100A1D75B /* AMTextField.swift */ = {isa = PBXFileReference; lastKnownFileType = sourcecode.swift; path = AMTextField.swift; sourceTree = "<group>"; };
		F72B0CAF29F8948400A1D75B /* AMLabel.swift */ = {isa = PBXFileReference; lastKnownFileType = sourcecode.swift; path = AMLabel.swift; sourceTree = "<group>"; };
		F72B0CB129F8949F00A1D75B /* AMView.swift */ = {isa = PBXFileReference; lastKnownFileType = sourcecode.swift; path = AMView.swift; sourceTree = "<group>"; };
		F72B0CB329F894B100A1D75B /* AMButton.swift */ = {isa = PBXFileReference; lastKnownFileType = sourcecode.swift; path = AMButton.swift; sourceTree = "<group>"; };
		F72B0CB629F8962400A1D75B /* ActionButton.swift */ = {isa = PBXFileReference; lastKnownFileType = sourcecode.swift; path = ActionButton.swift; sourceTree = "<group>"; };
		F72B0CB929F8964800A1D75B /* PasswordTextField.swift */ = {isa = PBXFileReference; lastKnownFileType = sourcecode.swift; path = PasswordTextField.swift; sourceTree = "<group>"; };
		F72B0CBB29F8965200A1D75B /* EmailTextField.swift */ = {isa = PBXFileReference; lastKnownFileType = sourcecode.swift; path = EmailTextField.swift; sourceTree = "<group>"; };
		F72B0CBD29F8965E00A1D75B /* GenericTextField.swift */ = {isa = PBXFileReference; lastKnownFileType = sourcecode.swift; path = GenericTextField.swift; sourceTree = "<group>"; };
		F72B0CBF29F8969900A1D75B /* ContentView.swift */ = {isa = PBXFileReference; lastKnownFileType = sourcecode.swift; path = ContentView.swift; sourceTree = "<group>"; };
		F72B0CC229F8A27200A1D75B /* Comfortaa-Regular.ttf */ = {isa = PBXFileReference; lastKnownFileType = file; path = "Comfortaa-Regular.ttf"; sourceTree = "<group>"; };
		F72B0CC329F8A27200A1D75B /* Comfortaa-SemiBold.ttf */ = {isa = PBXFileReference; lastKnownFileType = file; path = "Comfortaa-SemiBold.ttf"; sourceTree = "<group>"; };
		F72B0CC429F8A27200A1D75B /* Comfortaa-Medium.ttf */ = {isa = PBXFileReference; lastKnownFileType = file; path = "Comfortaa-Medium.ttf"; sourceTree = "<group>"; };
		F72B0CC529F8A27200A1D75B /* Comfortaa-Light.ttf */ = {isa = PBXFileReference; lastKnownFileType = file; path = "Comfortaa-Light.ttf"; sourceTree = "<group>"; };
		F72B0CC629F8A27300A1D75B /* Comfortaa-Bold.ttf */ = {isa = PBXFileReference; lastKnownFileType = file; path = "Comfortaa-Bold.ttf"; sourceTree = "<group>"; };
		F73DE39129F19A08005A358A /* MarvelApp.app */ = {isa = PBXFileReference; explicitFileType = wrapper.application; includeInIndex = 0; path = MarvelApp.app; sourceTree = BUILT_PRODUCTS_DIR; };
		F73DE39429F19A08005A358A /* AppDelegate.swift */ = {isa = PBXFileReference; lastKnownFileType = sourcecode.swift; path = AppDelegate.swift; sourceTree = "<group>"; };
		F73DE39629F19A08005A358A /* SceneDelegate.swift */ = {isa = PBXFileReference; lastKnownFileType = sourcecode.swift; path = SceneDelegate.swift; sourceTree = "<group>"; };
		F73DE39D29F19A0B005A358A /* Assets.xcassets */ = {isa = PBXFileReference; lastKnownFileType = folder.assetcatalog; path = Assets.xcassets; sourceTree = "<group>"; };
		F73DE3A029F19A0B005A358A /* Base */ = {isa = PBXFileReference; lastKnownFileType = file.storyboard; name = Base; path = Base.lproj/LaunchScreen.storyboard; sourceTree = "<group>"; };
		F73DE3A229F19A0B005A358A /* Info.plist */ = {isa = PBXFileReference; lastKnownFileType = text.plist.xml; path = Info.plist; sourceTree = "<group>"; };
		F73DE3A729F19A0B005A358A /* MarvelAppTests.xctest */ = {isa = PBXFileReference; explicitFileType = wrapper.cfbundle; includeInIndex = 0; path = MarvelAppTests.xctest; sourceTree = BUILT_PRODUCTS_DIR; };
		F73DE3AB29F19A0B005A358A /* MarvelAppTests.swift */ = {isa = PBXFileReference; lastKnownFileType = sourcecode.swift; path = MarvelAppTests.swift; sourceTree = "<group>"; };
		F73DE3B129F19A0B005A358A /* MarvelAppUITests.xctest */ = {isa = PBXFileReference; explicitFileType = wrapper.cfbundle; includeInIndex = 0; path = MarvelAppUITests.xctest; sourceTree = BUILT_PRODUCTS_DIR; };
		F73DE3B529F19A0B005A358A /* MarvelAppUITests.swift */ = {isa = PBXFileReference; lastKnownFileType = sourcecode.swift; path = MarvelAppUITests.swift; sourceTree = "<group>"; };
		F73DE3B729F19A0B005A358A /* MarvelAppUITestsLaunchTests.swift */ = {isa = PBXFileReference; lastKnownFileType = sourcecode.swift; path = MarvelAppUITestsLaunchTests.swift; sourceTree = "<group>"; };
		F79F427829F7559E0072B4B7 /* OnboardingCollectionViewCell.swift */ = {isa = PBXFileReference; lastKnownFileType = sourcecode.swift; path = OnboardingCollectionViewCell.swift; sourceTree = "<group>"; };
		F79F427B29F75BCA0072B4B7 /* OnboardingSlide.swift */ = {isa = PBXFileReference; lastKnownFileType = sourcecode.swift; path = OnboardingSlide.swift; sourceTree = "<group>"; };
		F79F427D29F75E4A0072B4B7 /* OnboardingViewController.swift */ = {isa = PBXFileReference; lastKnownFileType = sourcecode.swift; path = OnboardingViewController.swift; sourceTree = "<group>"; };
		F79F428029F772300072B4B7 /* LoginViewController.swift */ = {isa = PBXFileReference; lastKnownFileType = sourcecode.swift; path = LoginViewController.swift; sourceTree = "<group>"; };
		F79F428229F772420072B4B7 /* Login.storyboard */ = {isa = PBXFileReference; lastKnownFileType = file.storyboard; path = Login.storyboard; sourceTree = "<group>"; };
		F79F428429F7799A0072B4B7 /* ViewController.swift */ = {isa = PBXFileReference; fileEncoding = 4; lastKnownFileType = sourcecode.swift; path = ViewController.swift; sourceTree = "<group>"; };
		F79F428729F779A80072B4B7 /* Base */ = {isa = PBXFileReference; lastKnownFileType = file.storyboard; name = Base; path = Base.lproj/Main.storyboard; sourceTree = "<group>"; };
		F7D14BE229F99D2200624F6E /* MUIKit.framework */ = {isa = PBXFileReference; explicitFileType = wrapper.framework; path = MUIKit.framework; sourceTree = BUILT_PRODUCTS_DIR; };
		FD8A6A40192698D928D6B514 /* Pods_MarvelApp.framework */ = {isa = PBXFileReference; explicitFileType = wrapper.framework; includeInIndex = 0; path = Pods_MarvelApp.framework; sourceTree = BUILT_PRODUCTS_DIR; };
/* End PBXFileReference section */

/* Begin PBXFrameworksBuildPhase section */
		F73DE38E29F19A08005A358A /* Frameworks */ = {
			isa = PBXFrameworksBuildPhase;
			buildActionMask = 2147483647;
			files = (
				F7D14BE329F99D2200624F6E /* MUIKit.framework in Frameworks */,
				63DB9AC28CFB1D0F1E2972DA /* Pods_MarvelApp.framework in Frameworks */,
			);
			runOnlyForDeploymentPostprocessing = 0;
		};
		F73DE3A429F19A0B005A358A /* Frameworks */ = {
			isa = PBXFrameworksBuildPhase;
			buildActionMask = 2147483647;
			files = (
				D5B7A7AF05CF265DF1E309CF /* Pods_MarvelAppTests.framework in Frameworks */,
			);
			runOnlyForDeploymentPostprocessing = 0;
		};
		F73DE3AE29F19A0B005A358A /* Frameworks */ = {
			isa = PBXFrameworksBuildPhase;
			buildActionMask = 2147483647;
			files = (
				56D84977BC9D54A749180F59 /* Pods_MarvelApp_MarvelAppUITests.framework in Frameworks */,
			);
			runOnlyForDeploymentPostprocessing = 0;
		};
/* End PBXFrameworksBuildPhase section */

/* Begin PBXGroup section */
		92DB3B2E45196F66D7B806D8 /* Frameworks */ = {
			isa = PBXGroup;
			children = (
				F7D14BE229F99D2200624F6E /* MUIKit.framework */,
				FD8A6A40192698D928D6B514 /* Pods_MarvelApp.framework */,
				35E91E30512CA95B1A1ACA94 /* Pods_MarvelApp_MarvelAppUITests.framework */,
				29833B6EFE4B34C7FC4D51B3 /* Pods_MarvelAppTests.framework */,
			);
			name = Frameworks;
			sourceTree = "<group>";
		};
		DED404D7A439EF4C5DCC30BE /* Pods */ = {
			isa = PBXGroup;
			children = (
				909D4751C1D20AF09916DE1F /* Pods-MarvelApp.debug.xcconfig */,
				52858788F43F5D954E685E3E /* Pods-MarvelApp.release.xcconfig */,
				DB54C9ABAFD82404B080EA1B /* Pods-MarvelApp-MarvelAppUITests.debug.xcconfig */,
				2A6A3FAD4178C424B1EB549E /* Pods-MarvelApp-MarvelAppUITests.release.xcconfig */,
				F4FCA3EEF3AC639F70675C92 /* Pods-MarvelAppTests.debug.xcconfig */,
				8A8FA66F1E2137EFC5C3A59B /* Pods-MarvelAppTests.release.xcconfig */,
			);
			path = Pods;
			sourceTree = "<group>";
		};
		F718539D29F6FD3700DDE5F2 /* Views */ = {
			isa = PBXGroup;
			children = (
			);
			path = Views;
			sourceTree = "<group>";
		};
		F718539E29F6FDA500DDE5F2 /* Resources */ = {
			isa = PBXGroup;
			children = (
				F72B0CC129F8A24700A1D75B /* Fonts */,
				F73DE39D29F19A0B005A358A /* Assets.xcassets */,
			);
			path = Resources;
			sourceTree = "<group>";
		};
		F718539F29F6FDC600DDE5F2 /* Presentation */ = {
			isa = PBXGroup;
			children = (
				F72B0C9B29F88C8900A1D75B /* Register */,
				F79F427F29F771F10072B4B7 /* Authentication */,
				F71853A029F6FDDF00DDE5F2 /* Onboarding */,
			);
			path = Presentation;
			sourceTree = "<group>";
		};
		F71853A029F6FDDF00DDE5F2 /* Onboarding */ = {
			isa = PBXGroup;
			children = (
				F71853A329F6FE4F00DDE5F2 /* Onboarding.storyboard */,
				F79F427829F7559E0072B4B7 /* OnboardingCollectionViewCell.swift */,
				F79F427D29F75E4A0072B4B7 /* OnboardingViewController.swift */,
			);
			path = Onboarding;
			sourceTree = "<group>";
		};
		F72B0C9B29F88C8900A1D75B /* Register */ = {
			isa = PBXGroup;
			children = (
				F72B0C9C29F88C9F00A1D75B /* RegisterViewController.swift */,
				F72B0C9E29F88D2000A1D75B /* Register.storyboard */,
			);
			path = Register;
			sourceTree = "<group>";
		};
		F72B0CA029F88F2400A1D75B /* DesignSystem */ = {
			isa = PBXGroup;
			children = (
				F72B0CA129F88F4E00A1D75B /* CustomUI */,
			);
			path = DesignSystem;
			sourceTree = "<group>";
		};
		F72B0CA129F88F4E00A1D75B /* CustomUI */ = {
			isa = PBXGroup;
			children = (
				F72B0CB829F8963300A1D75B /* TextFields */,
				F72B0CB529F8961000A1D75B /* Buttons */,
				F72B0CA229F88F5900A1D75B /* General */,
				F72B0CAC29F8939700A1D75B /* AMButton */,
				F72B0CAA29F8937900A1D75B /* AMView */,
				F72B0CAB29F8938000A1D75B /* AMLabel */,
				F72B0CA929F8936500A1D75B /* AMTextField */,
				F72B0CBF29F8969900A1D75B /* ContentView.swift */,
			);
			path = CustomUI;
			sourceTree = "<group>";
		};
		F72B0CA229F88F5900A1D75B /* General */ = {
			isa = PBXGroup;
			children = (
				F72B0CA329F88F6F00A1D75B /* AMShape.swift */,
				F72B0CA529F88F7900A1D75B /* AMShadow.swift */,
				F72B0CA729F88F8100A1D75B /* AMBorder.swift */,
			);
			path = General;
			sourceTree = "<group>";
		};
		F72B0CA929F8936500A1D75B /* AMTextField */ = {
			isa = PBXGroup;
			children = (
				F72B0CAD29F8942100A1D75B /* AMTextField.swift */,
			);
			path = AMTextField;
			sourceTree = "<group>";
		};
		F72B0CAA29F8937900A1D75B /* AMView */ = {
			isa = PBXGroup;
			children = (
				F72B0CB129F8949F00A1D75B /* AMView.swift */,
			);
			path = AMView;
			sourceTree = "<group>";
		};
		F72B0CAB29F8938000A1D75B /* AMLabel */ = {
			isa = PBXGroup;
			children = (
				F72B0CAF29F8948400A1D75B /* AMLabel.swift */,
			);
			name = AMLabel;
			sourceTree = "<group>";
		};
		F72B0CAC29F8939700A1D75B /* AMButton */ = {
			isa = PBXGroup;
			children = (
				F72B0CB329F894B100A1D75B /* AMButton.swift */,
			);
			path = AMButton;
			sourceTree = "<group>";
		};
		F72B0CB529F8961000A1D75B /* Buttons */ = {
			isa = PBXGroup;
			children = (
				F72B0CB629F8962400A1D75B /* ActionButton.swift */,
			);
			path = Buttons;
			sourceTree = "<group>";
		};
		F72B0CB829F8963300A1D75B /* TextFields */ = {
			isa = PBXGroup;
			children = (
				F72B0CB929F8964800A1D75B /* PasswordTextField.swift */,
				F72B0CBB29F8965200A1D75B /* EmailTextField.swift */,
				F72B0CBD29F8965E00A1D75B /* GenericTextField.swift */,
				F718054029F8C412008EE177 /* UserTextField.swift */,
			);
			path = TextFields;
			sourceTree = "<group>";
		};
		F72B0CC129F8A24700A1D75B /* Fonts */ = {
			isa = PBXGroup;
			children = (
				F72B0CC629F8A27300A1D75B /* Comfortaa-Bold.ttf */,
				F72B0CC529F8A27200A1D75B /* Comfortaa-Light.ttf */,
				F72B0CC429F8A27200A1D75B /* Comfortaa-Medium.ttf */,
				F72B0CC229F8A27200A1D75B /* Comfortaa-Regular.ttf */,
				F72B0CC329F8A27200A1D75B /* Comfortaa-SemiBold.ttf */,
			);
			path = Fonts;
			sourceTree = "<group>";
		};
		F73DE38829F19A08005A358A = {
			isa = PBXGroup;
			children = (
				F73DE39329F19A08005A358A /* MarvelApp */,
				F73DE3AA29F19A0B005A358A /* MarvelAppTests */,
				F73DE3B429F19A0B005A358A /* MarvelAppUITests */,
				F73DE39229F19A08005A358A /* Products */,
				DED404D7A439EF4C5DCC30BE /* Pods */,
				92DB3B2E45196F66D7B806D8 /* Frameworks */,
			);
			sourceTree = "<group>";
		};
		F73DE39229F19A08005A358A /* Products */ = {
			isa = PBXGroup;
			children = (
				F73DE39129F19A08005A358A /* MarvelApp.app */,
				F73DE3A729F19A0B005A358A /* MarvelAppTests.xctest */,
				F73DE3B129F19A0B005A358A /* MarvelAppUITests.xctest */,
			);
			name = Products;
			sourceTree = "<group>";
		};
		F73DE39329F19A08005A358A /* MarvelApp */ = {
			isa = PBXGroup;
			children = (
				F72B0CA029F88F2400A1D75B /* DesignSystem */,
				F79F427A29F75BBA0072B4B7 /* Models */,
				F718539F29F6FDC600DDE5F2 /* Presentation */,
				F718539E29F6FDA500DDE5F2 /* Resources */,
				F718539D29F6FD3700DDE5F2 /* Views */,
				F73DE39429F19A08005A358A /* AppDelegate.swift */,
				F79F428429F7799A0072B4B7 /* ViewController.swift */,
				F79F428629F779A80072B4B7 /* Main.storyboard */,
				F73DE39629F19A08005A358A /* SceneDelegate.swift */,
				F73DE39F29F19A0B005A358A /* LaunchScreen.storyboard */,
				F73DE3A229F19A0B005A358A /* Info.plist */,
			);
			path = MarvelApp;
			sourceTree = "<group>";
		};
		F73DE3AA29F19A0B005A358A /* MarvelAppTests */ = {
			isa = PBXGroup;
			children = (
				F73DE3AB29F19A0B005A358A /* MarvelAppTests.swift */,
			);
			path = MarvelAppTests;
			sourceTree = "<group>";
		};
		F73DE3B429F19A0B005A358A /* MarvelAppUITests */ = {
			isa = PBXGroup;
			children = (
				F73DE3B529F19A0B005A358A /* MarvelAppUITests.swift */,
				F73DE3B729F19A0B005A358A /* MarvelAppUITestsLaunchTests.swift */,
			);
			path = MarvelAppUITests;
			sourceTree = "<group>";
		};
		F79F427A29F75BBA0072B4B7 /* Models */ = {
			isa = PBXGroup;
			children = (
				F79F427B29F75BCA0072B4B7 /* OnboardingSlide.swift */,
			);
			path = Models;
			sourceTree = "<group>";
		};
		F79F427F29F771F10072B4B7 /* Authentication */ = {
			isa = PBXGroup;
			children = (
				F79F428029F772300072B4B7 /* LoginViewController.swift */,
				F79F428229F772420072B4B7 /* Login.storyboard */,
			);
			path = Authentication;
			sourceTree = "<group>";
		};
/* End PBXGroup section */

/* Begin PBXNativeTarget section */
		F73DE39029F19A08005A358A /* MarvelApp */ = {
			isa = PBXNativeTarget;
			buildConfigurationList = F73DE3BB29F19A0B005A358A /* Build configuration list for PBXNativeTarget "MarvelApp" */;
			buildPhases = (
				D0BEE46036141D19D97BE5EA /* [CP] Check Pods Manifest.lock */,
				F73DE38D29F19A08005A358A /* Sources */,
				F73DE38E29F19A08005A358A /* Frameworks */,
				F73DE38F29F19A08005A358A /* Resources */,
				043C124BB77F237F5ADFC8BE /* [CP] Embed Pods Frameworks */,
			);
			buildRules = (
			);
			dependencies = (
			);
			name = MarvelApp;
			productName = MarvelApp;
			productReference = F73DE39129F19A08005A358A /* MarvelApp.app */;
			productType = "com.apple.product-type.application";
		};
		F73DE3A629F19A0B005A358A /* MarvelAppTests */ = {
			isa = PBXNativeTarget;
			buildConfigurationList = F73DE3BE29F19A0B005A358A /* Build configuration list for PBXNativeTarget "MarvelAppTests" */;
			buildPhases = (
				406E1629BB7625282825F303 /* [CP] Check Pods Manifest.lock */,
				F73DE3A329F19A0B005A358A /* Sources */,
				F73DE3A429F19A0B005A358A /* Frameworks */,
				F73DE3A529F19A0B005A358A /* Resources */,
			);
			buildRules = (
			);
			dependencies = (
				F73DE3A929F19A0B005A358A /* PBXTargetDependency */,
			);
			name = MarvelAppTests;
			productName = MarvelAppTests;
			productReference = F73DE3A729F19A0B005A358A /* MarvelAppTests.xctest */;
			productType = "com.apple.product-type.bundle.unit-test";
		};
		F73DE3B029F19A0B005A358A /* MarvelAppUITests */ = {
			isa = PBXNativeTarget;
			buildConfigurationList = F73DE3C129F19A0B005A358A /* Build configuration list for PBXNativeTarget "MarvelAppUITests" */;
			buildPhases = (
				9FA8157D1010CD2BA4D443DC /* [CP] Check Pods Manifest.lock */,
				F73DE3AD29F19A0B005A358A /* Sources */,
				F73DE3AE29F19A0B005A358A /* Frameworks */,
				F73DE3AF29F19A0B005A358A /* Resources */,
				7E8027BC9F3586F61A402240 /* [CP] Embed Pods Frameworks */,
			);
			buildRules = (
			);
			dependencies = (
				F73DE3B329F19A0B005A358A /* PBXTargetDependency */,
			);
			name = MarvelAppUITests;
			productName = MarvelAppUITests;
			productReference = F73DE3B129F19A0B005A358A /* MarvelAppUITests.xctest */;
			productType = "com.apple.product-type.bundle.ui-testing";
		};
/* End PBXNativeTarget section */

/* Begin PBXProject section */
		F73DE38929F19A08005A358A /* Project object */ = {
			isa = PBXProject;
			attributes = {
				BuildIndependentTargetsInParallel = 1;
				LastSwiftUpdateCheck = 1420;
				LastUpgradeCheck = 1420;
				TargetAttributes = {
					F73DE39029F19A08005A358A = {
						CreatedOnToolsVersion = 14.2;
					};
					F73DE3A629F19A0B005A358A = {
						CreatedOnToolsVersion = 14.2;
						TestTargetID = F73DE39029F19A08005A358A;
					};
					F73DE3B029F19A0B005A358A = {
						CreatedOnToolsVersion = 14.2;
						TestTargetID = F73DE39029F19A08005A358A;
					};
				};
			};
			buildConfigurationList = F73DE38C29F19A08005A358A /* Build configuration list for PBXProject "MarvelApp" */;
			compatibilityVersion = "Xcode 14.0";
			developmentRegion = en;
			hasScannedForEncodings = 0;
			knownRegions = (
				en,
				Base,
			);
			mainGroup = F73DE38829F19A08005A358A;
			productRefGroup = F73DE39229F19A08005A358A /* Products */;
			projectDirPath = "";
			projectRoot = "";
			targets = (
				F73DE39029F19A08005A358A /* MarvelApp */,
				F73DE3A629F19A0B005A358A /* MarvelAppTests */,
				F73DE3B029F19A0B005A358A /* MarvelAppUITests */,
			);
		};
/* End PBXProject section */

/* Begin PBXResourcesBuildPhase section */
		F73DE38F29F19A08005A358A /* Resources */ = {
			isa = PBXResourcesBuildPhase;
			buildActionMask = 2147483647;
			files = (
				F71853A429F6FE4F00DDE5F2 /* Onboarding.storyboard in Resources */,
				F79F428829F779A80072B4B7 /* Main.storyboard in Resources */,
				F72B0CC829F8A27300A1D75B /* Comfortaa-SemiBold.ttf in Resources */,
				F73DE3A129F19A0B005A358A /* LaunchScreen.storyboard in Resources */,
				F72B0CCA29F8A27300A1D75B /* Comfortaa-Light.ttf in Resources */,
				F72B0CCB29F8A27300A1D75B /* Comfortaa-Bold.ttf in Resources */,
				F72B0CC729F8A27300A1D75B /* Comfortaa-Regular.ttf in Resources */,
				F73DE39E29F19A0B005A358A /* Assets.xcassets in Resources */,
				F79F428329F772420072B4B7 /* Login.storyboard in Resources */,
				F72B0CC929F8A27300A1D75B /* Comfortaa-Medium.ttf in Resources */,
				F72B0C9F29F88D2000A1D75B /* Register.storyboard in Resources */,
			);
			runOnlyForDeploymentPostprocessing = 0;
		};
		F73DE3A529F19A0B005A358A /* Resources */ = {
			isa = PBXResourcesBuildPhase;
			buildActionMask = 2147483647;
			files = (
			);
			runOnlyForDeploymentPostprocessing = 0;
		};
		F73DE3AF29F19A0B005A358A /* Resources */ = {
			isa = PBXResourcesBuildPhase;
			buildActionMask = 2147483647;
			files = (
			);
			runOnlyForDeploymentPostprocessing = 0;
		};
/* End PBXResourcesBuildPhase section */

/* Begin PBXShellScriptBuildPhase section */
		043C124BB77F237F5ADFC8BE /* [CP] Embed Pods Frameworks */ = {
			isa = PBXShellScriptBuildPhase;
			buildActionMask = 2147483647;
			files = (
			);
			inputFileListPaths = (
				"${PODS_ROOT}/Target Support Files/Pods-MarvelApp/Pods-MarvelApp-frameworks-${CONFIGURATION}-input-files.xcfilelist",
			);
			name = "[CP] Embed Pods Frameworks";
			outputFileListPaths = (
				"${PODS_ROOT}/Target Support Files/Pods-MarvelApp/Pods-MarvelApp-frameworks-${CONFIGURATION}-output-files.xcfilelist",
			);
			runOnlyForDeploymentPostprocessing = 0;
			shellPath = /bin/sh;
			shellScript = "\"${PODS_ROOT}/Target Support Files/Pods-MarvelApp/Pods-MarvelApp-frameworks.sh\"\n";
			showEnvVarsInLog = 0;
		};
		406E1629BB7625282825F303 /* [CP] Check Pods Manifest.lock */ = {
			isa = PBXShellScriptBuildPhase;
			buildActionMask = 2147483647;
			files = (
			);
			inputFileListPaths = (
			);
			inputPaths = (
				"${PODS_PODFILE_DIR_PATH}/Podfile.lock",
				"${PODS_ROOT}/Manifest.lock",
			);
			name = "[CP] Check Pods Manifest.lock";
			outputFileListPaths = (
			);
			outputPaths = (
				"$(DERIVED_FILE_DIR)/Pods-MarvelAppTests-checkManifestLockResult.txt",
			);
			runOnlyForDeploymentPostprocessing = 0;
			shellPath = /bin/sh;
			shellScript = "diff \"${PODS_PODFILE_DIR_PATH}/Podfile.lock\" \"${PODS_ROOT}/Manifest.lock\" > /dev/null\nif [ $? != 0 ] ; then\n    # print error to STDERR\n    echo \"error: The sandbox is not in sync with the Podfile.lock. Run 'pod install' or update your CocoaPods installation.\" >&2\n    exit 1\nfi\n# This output is used by Xcode 'outputs' to avoid re-running this script phase.\necho \"SUCCESS\" > \"${SCRIPT_OUTPUT_FILE_0}\"\n";
			showEnvVarsInLog = 0;
		};
		7E8027BC9F3586F61A402240 /* [CP] Embed Pods Frameworks */ = {
			isa = PBXShellScriptBuildPhase;
			buildActionMask = 2147483647;
			files = (
			);
			inputFileListPaths = (
				"${PODS_ROOT}/Target Support Files/Pods-MarvelApp-MarvelAppUITests/Pods-MarvelApp-MarvelAppUITests-frameworks-${CONFIGURATION}-input-files.xcfilelist",
			);
			name = "[CP] Embed Pods Frameworks";
			outputFileListPaths = (
				"${PODS_ROOT}/Target Support Files/Pods-MarvelApp-MarvelAppUITests/Pods-MarvelApp-MarvelAppUITests-frameworks-${CONFIGURATION}-output-files.xcfilelist",
			);
			runOnlyForDeploymentPostprocessing = 0;
			shellPath = /bin/sh;
			shellScript = "\"${PODS_ROOT}/Target Support Files/Pods-MarvelApp-MarvelAppUITests/Pods-MarvelApp-MarvelAppUITests-frameworks.sh\"\n";
			showEnvVarsInLog = 0;
		};
		9FA8157D1010CD2BA4D443DC /* [CP] Check Pods Manifest.lock */ = {
			isa = PBXShellScriptBuildPhase;
			buildActionMask = 2147483647;
			files = (
			);
			inputFileListPaths = (
			);
			inputPaths = (
				"${PODS_PODFILE_DIR_PATH}/Podfile.lock",
				"${PODS_ROOT}/Manifest.lock",
			);
			name = "[CP] Check Pods Manifest.lock";
			outputFileListPaths = (
			);
			outputPaths = (
				"$(DERIVED_FILE_DIR)/Pods-MarvelApp-MarvelAppUITests-checkManifestLockResult.txt",
			);
			runOnlyForDeploymentPostprocessing = 0;
			shellPath = /bin/sh;
			shellScript = "diff \"${PODS_PODFILE_DIR_PATH}/Podfile.lock\" \"${PODS_ROOT}/Manifest.lock\" > /dev/null\nif [ $? != 0 ] ; then\n    # print error to STDERR\n    echo \"error: The sandbox is not in sync with the Podfile.lock. Run 'pod install' or update your CocoaPods installation.\" >&2\n    exit 1\nfi\n# This output is used by Xcode 'outputs' to avoid re-running this script phase.\necho \"SUCCESS\" > \"${SCRIPT_OUTPUT_FILE_0}\"\n";
			showEnvVarsInLog = 0;
		};
		D0BEE46036141D19D97BE5EA /* [CP] Check Pods Manifest.lock */ = {
			isa = PBXShellScriptBuildPhase;
			buildActionMask = 2147483647;
			files = (
			);
			inputFileListPaths = (
			);
			inputPaths = (
				"${PODS_PODFILE_DIR_PATH}/Podfile.lock",
				"${PODS_ROOT}/Manifest.lock",
			);
			name = "[CP] Check Pods Manifest.lock";
			outputFileListPaths = (
			);
			outputPaths = (
				"$(DERIVED_FILE_DIR)/Pods-MarvelApp-checkManifestLockResult.txt",
			);
			runOnlyForDeploymentPostprocessing = 0;
			shellPath = /bin/sh;
			shellScript = "diff \"${PODS_PODFILE_DIR_PATH}/Podfile.lock\" \"${PODS_ROOT}/Manifest.lock\" > /dev/null\nif [ $? != 0 ] ; then\n    # print error to STDERR\n    echo \"error: The sandbox is not in sync with the Podfile.lock. Run 'pod install' or update your CocoaPods installation.\" >&2\n    exit 1\nfi\n# This output is used by Xcode 'outputs' to avoid re-running this script phase.\necho \"SUCCESS\" > \"${SCRIPT_OUTPUT_FILE_0}\"\n";
			showEnvVarsInLog = 0;
		};
/* End PBXShellScriptBuildPhase section */

/* Begin PBXSourcesBuildPhase section */
		F73DE38D29F19A08005A358A /* Sources */ = {
			isa = PBXSourcesBuildPhase;
			buildActionMask = 2147483647;
			files = (
				F72B0CA429F88F6F00A1D75B /* AMShape.swift in Sources */,
				F72B0CA829F88F8100A1D75B /* AMBorder.swift in Sources */,
				F72B0CB229F8949F00A1D75B /* AMView.swift in Sources */,
				F79F428129F772300072B4B7 /* LoginViewController.swift in Sources */,
				F79F427E29F75E4A0072B4B7 /* OnboardingViewController.swift in Sources */,
				F72B0CB429F894B100A1D75B /* AMButton.swift in Sources */,
				F72B0CC029F8969900A1D75B /* ContentView.swift in Sources */,
				F72B0CBA29F8964800A1D75B /* PasswordTextField.swift in Sources */,
				F79F427929F7559E0072B4B7 /* OnboardingCollectionViewCell.swift in Sources */,
				F72B0CB729F8962400A1D75B /* ActionButton.swift in Sources */,
				F72B0C9D29F88C9F00A1D75B /* RegisterViewController.swift in Sources */,
				F718054129F8C412008EE177 /* UserTextField.swift in Sources */,
				F73DE39529F19A08005A358A /* AppDelegate.swift in Sources */,
				F72B0CB029F8948400A1D75B /* AMLabel.swift in Sources */,
				F72B0CBE29F8965E00A1D75B /* GenericTextField.swift in Sources */,
				F72B0CAE29F8942100A1D75B /* AMTextField.swift in Sources */,
				F79F428529F7799A0072B4B7 /* ViewController.swift in Sources */,
				F72B0CBC29F8965200A1D75B /* EmailTextField.swift in Sources */,
				F79F427C29F75BCA0072B4B7 /* OnboardingSlide.swift in Sources */,
				F73DE39729F19A08005A358A /* SceneDelegate.swift in Sources */,
				F72B0CA629F88F7900A1D75B /* AMShadow.swift in Sources */,
			);
			runOnlyForDeploymentPostprocessing = 0;
		};
		F73DE3A329F19A0B005A358A /* Sources */ = {
			isa = PBXSourcesBuildPhase;
			buildActionMask = 2147483647;
			files = (
				F73DE3AC29F19A0B005A358A /* MarvelAppTests.swift in Sources */,
			);
			runOnlyForDeploymentPostprocessing = 0;
		};
		F73DE3AD29F19A0B005A358A /* Sources */ = {
			isa = PBXSourcesBuildPhase;
			buildActionMask = 2147483647;
			files = (
				F73DE3B629F19A0B005A358A /* MarvelAppUITests.swift in Sources */,
				F73DE3B829F19A0B005A358A /* MarvelAppUITestsLaunchTests.swift in Sources */,
			);
			runOnlyForDeploymentPostprocessing = 0;
		};
/* End PBXSourcesBuildPhase section */

/* Begin PBXTargetDependency section */
		F73DE3A929F19A0B005A358A /* PBXTargetDependency */ = {
			isa = PBXTargetDependency;
			target = F73DE39029F19A08005A358A /* MarvelApp */;
			targetProxy = F73DE3A829F19A0B005A358A /* PBXContainerItemProxy */;
		};
		F73DE3B329F19A0B005A358A /* PBXTargetDependency */ = {
			isa = PBXTargetDependency;
			target = F73DE39029F19A08005A358A /* MarvelApp */;
			targetProxy = F73DE3B229F19A0B005A358A /* PBXContainerItemProxy */;
		};
/* End PBXTargetDependency section */

/* Begin PBXVariantGroup section */
		F73DE39F29F19A0B005A358A /* LaunchScreen.storyboard */ = {
			isa = PBXVariantGroup;
			children = (
				F73DE3A029F19A0B005A358A /* Base */,
			);
			name = LaunchScreen.storyboard;
			sourceTree = "<group>";
		};
		F79F428629F779A80072B4B7 /* Main.storyboard */ = {
			isa = PBXVariantGroup;
			children = (
				F79F428729F779A80072B4B7 /* Base */,
			);
			name = Main.storyboard;
			sourceTree = "<group>";
		};
/* End PBXVariantGroup section */

/* Begin XCBuildConfiguration section */
		F73DE3B929F19A0B005A358A /* Debug */ = {
			isa = XCBuildConfiguration;
			buildSettings = {
				ALWAYS_SEARCH_USER_PATHS = NO;
				CLANG_ANALYZER_NONNULL = YES;
				CLANG_ANALYZER_NUMBER_OBJECT_CONVERSION = YES_AGGRESSIVE;
				CLANG_CXX_LANGUAGE_STANDARD = "gnu++20";
				CLANG_ENABLE_MODULES = YES;
				CLANG_ENABLE_OBJC_ARC = YES;
				CLANG_ENABLE_OBJC_WEAK = YES;
				CLANG_WARN_BLOCK_CAPTURE_AUTORELEASING = YES;
				CLANG_WARN_BOOL_CONVERSION = YES;
				CLANG_WARN_COMMA = YES;
				CLANG_WARN_CONSTANT_CONVERSION = YES;
				CLANG_WARN_DEPRECATED_OBJC_IMPLEMENTATIONS = YES;
				CLANG_WARN_DIRECT_OBJC_ISA_USAGE = YES_ERROR;
				CLANG_WARN_DOCUMENTATION_COMMENTS = YES;
				CLANG_WARN_EMPTY_BODY = YES;
				CLANG_WARN_ENUM_CONVERSION = YES;
				CLANG_WARN_INFINITE_RECURSION = YES;
				CLANG_WARN_INT_CONVERSION = YES;
				CLANG_WARN_NON_LITERAL_NULL_CONVERSION = YES;
				CLANG_WARN_OBJC_IMPLICIT_RETAIN_SELF = YES;
				CLANG_WARN_OBJC_LITERAL_CONVERSION = YES;
				CLANG_WARN_OBJC_ROOT_CLASS = YES_ERROR;
				CLANG_WARN_QUOTED_INCLUDE_IN_FRAMEWORK_HEADER = YES;
				CLANG_WARN_RANGE_LOOP_ANALYSIS = YES;
				CLANG_WARN_STRICT_PROTOTYPES = YES;
				CLANG_WARN_SUSPICIOUS_MOVE = YES;
				CLANG_WARN_UNGUARDED_AVAILABILITY = YES_AGGRESSIVE;
				CLANG_WARN_UNREACHABLE_CODE = YES;
				CLANG_WARN__DUPLICATE_METHOD_MATCH = YES;
				COPY_PHASE_STRIP = NO;
				DEBUG_INFORMATION_FORMAT = dwarf;
				ENABLE_STRICT_OBJC_MSGSEND = YES;
				ENABLE_TESTABILITY = YES;
				GCC_C_LANGUAGE_STANDARD = gnu11;
				GCC_DYNAMIC_NO_PIC = NO;
				GCC_NO_COMMON_BLOCKS = YES;
				GCC_OPTIMIZATION_LEVEL = 0;
				GCC_PREPROCESSOR_DEFINITIONS = (
					"DEBUG=1",
					"$(inherited)",
				);
				GCC_WARN_64_TO_32_BIT_CONVERSION = YES;
				GCC_WARN_ABOUT_RETURN_TYPE = YES_ERROR;
				GCC_WARN_UNDECLARED_SELECTOR = YES;
				GCC_WARN_UNINITIALIZED_AUTOS = YES_AGGRESSIVE;
				GCC_WARN_UNUSED_FUNCTION = YES;
				GCC_WARN_UNUSED_VARIABLE = YES;
				IPHONEOS_DEPLOYMENT_TARGET = 11.0;
				MTL_ENABLE_DEBUG_INFO = INCLUDE_SOURCE;
				MTL_FAST_MATH = YES;
				ONLY_ACTIVE_ARCH = YES;
				SDKROOT = iphoneos;
				SWIFT_ACTIVE_COMPILATION_CONDITIONS = DEBUG;
				SWIFT_OPTIMIZATION_LEVEL = "-Onone";
			};
			name = Debug;
		};
		F73DE3BA29F19A0B005A358A /* Release */ = {
			isa = XCBuildConfiguration;
			buildSettings = {
				ALWAYS_SEARCH_USER_PATHS = NO;
				CLANG_ANALYZER_NONNULL = YES;
				CLANG_ANALYZER_NUMBER_OBJECT_CONVERSION = YES_AGGRESSIVE;
				CLANG_CXX_LANGUAGE_STANDARD = "gnu++20";
				CLANG_ENABLE_MODULES = YES;
				CLANG_ENABLE_OBJC_ARC = YES;
				CLANG_ENABLE_OBJC_WEAK = YES;
				CLANG_WARN_BLOCK_CAPTURE_AUTORELEASING = YES;
				CLANG_WARN_BOOL_CONVERSION = YES;
				CLANG_WARN_COMMA = YES;
				CLANG_WARN_CONSTANT_CONVERSION = YES;
				CLANG_WARN_DEPRECATED_OBJC_IMPLEMENTATIONS = YES;
				CLANG_WARN_DIRECT_OBJC_ISA_USAGE = YES_ERROR;
				CLANG_WARN_DOCUMENTATION_COMMENTS = YES;
				CLANG_WARN_EMPTY_BODY = YES;
				CLANG_WARN_ENUM_CONVERSION = YES;
				CLANG_WARN_INFINITE_RECURSION = YES;
				CLANG_WARN_INT_CONVERSION = YES;
				CLANG_WARN_NON_LITERAL_NULL_CONVERSION = YES;
				CLANG_WARN_OBJC_IMPLICIT_RETAIN_SELF = YES;
				CLANG_WARN_OBJC_LITERAL_CONVERSION = YES;
				CLANG_WARN_OBJC_ROOT_CLASS = YES_ERROR;
				CLANG_WARN_QUOTED_INCLUDE_IN_FRAMEWORK_HEADER = YES;
				CLANG_WARN_RANGE_LOOP_ANALYSIS = YES;
				CLANG_WARN_STRICT_PROTOTYPES = YES;
				CLANG_WARN_SUSPICIOUS_MOVE = YES;
				CLANG_WARN_UNGUARDED_AVAILABILITY = YES_AGGRESSIVE;
				CLANG_WARN_UNREACHABLE_CODE = YES;
				CLANG_WARN__DUPLICATE_METHOD_MATCH = YES;
				COPY_PHASE_STRIP = NO;
				DEBUG_INFORMATION_FORMAT = "dwarf-with-dsym";
				ENABLE_NS_ASSERTIONS = NO;
				ENABLE_STRICT_OBJC_MSGSEND = YES;
				GCC_C_LANGUAGE_STANDARD = gnu11;
				GCC_NO_COMMON_BLOCKS = YES;
				GCC_WARN_64_TO_32_BIT_CONVERSION = YES;
				GCC_WARN_ABOUT_RETURN_TYPE = YES_ERROR;
				GCC_WARN_UNDECLARED_SELECTOR = YES;
				GCC_WARN_UNINITIALIZED_AUTOS = YES_AGGRESSIVE;
				GCC_WARN_UNUSED_FUNCTION = YES;
				GCC_WARN_UNUSED_VARIABLE = YES;
				IPHONEOS_DEPLOYMENT_TARGET = 11.0;
				MTL_ENABLE_DEBUG_INFO = NO;
				MTL_FAST_MATH = YES;
				SDKROOT = iphoneos;
				SWIFT_COMPILATION_MODE = wholemodule;
				SWIFT_OPTIMIZATION_LEVEL = "-O";
				VALIDATE_PRODUCT = YES;
			};
			name = Release;
		};
		F73DE3BC29F19A0B005A358A /* Debug */ = {
			isa = XCBuildConfiguration;
			baseConfigurationReference = 909D4751C1D20AF09916DE1F /* Pods-MarvelApp.debug.xcconfig */;
			buildSettings = {
				ASSETCATALOG_COMPILER_APPICON_NAME = AppIcon;
				ASSETCATALOG_COMPILER_GLOBAL_ACCENT_COLOR_NAME = AccentColor;
				CODE_SIGN_STYLE = Automatic;
				CURRENT_PROJECT_VERSION = 1;
				DEVELOPMENT_TEAM = NXY2G8NXJS;
				GENERATE_INFOPLIST_FILE = YES;
				INFOPLIST_FILE = MarvelApp/Info.plist;
				INFOPLIST_KEY_CFBundleDisplayName = MarvelApp;
				INFOPLIST_KEY_UIApplicationSupportsIndirectInputEvents = YES;
				INFOPLIST_KEY_UILaunchStoryboardName = LaunchScreen;
				INFOPLIST_KEY_UIMainStoryboardFile = Main;
				INFOPLIST_KEY_UISupportedInterfaceOrientations_iPad = "UIInterfaceOrientationPortrait UIInterfaceOrientationPortraitUpsideDown UIInterfaceOrientationLandscapeLeft UIInterfaceOrientationLandscapeRight";
				INFOPLIST_KEY_UISupportedInterfaceOrientations_iPhone = "UIInterfaceOrientationPortrait UIInterfaceOrientationLandscapeLeft UIInterfaceOrientationLandscapeRight";
				IPHONEOS_DEPLOYMENT_TARGET = 11.0;
				LD_RUNPATH_SEARCH_PATHS = (
					"$(inherited)",
					"@executable_path/Frameworks",
				);
				MARKETING_VERSION = 1.0;
				PRODUCT_BUNDLE_IDENTIFIER = raul.com.MarvelApp;
				PRODUCT_NAME = "$(TARGET_NAME)";
				SWIFT_EMIT_LOC_STRINGS = YES;
				SWIFT_VERSION = 5.0;
				TARGETED_DEVICE_FAMILY = "1,2";
			};
			name = Debug;
		};
		F73DE3BD29F19A0B005A358A /* Release */ = {
			isa = XCBuildConfiguration;
			baseConfigurationReference = 52858788F43F5D954E685E3E /* Pods-MarvelApp.release.xcconfig */;
			buildSettings = {
				ASSETCATALOG_COMPILER_APPICON_NAME = AppIcon;
				ASSETCATALOG_COMPILER_GLOBAL_ACCENT_COLOR_NAME = AccentColor;
				CODE_SIGN_STYLE = Automatic;
				CURRENT_PROJECT_VERSION = 1;
				DEVELOPMENT_TEAM = NXY2G8NXJS;
				GENERATE_INFOPLIST_FILE = YES;
				INFOPLIST_FILE = MarvelApp/Info.plist;
				INFOPLIST_KEY_CFBundleDisplayName = MarvelApp;
				INFOPLIST_KEY_UIApplicationSupportsIndirectInputEvents = YES;
				INFOPLIST_KEY_UILaunchStoryboardName = LaunchScreen;
				INFOPLIST_KEY_UIMainStoryboardFile = Main;
				INFOPLIST_KEY_UISupportedInterfaceOrientations_iPad = "UIInterfaceOrientationPortrait UIInterfaceOrientationPortraitUpsideDown UIInterfaceOrientationLandscapeLeft UIInterfaceOrientationLandscapeRight";
				INFOPLIST_KEY_UISupportedInterfaceOrientations_iPhone = "UIInterfaceOrientationPortrait UIInterfaceOrientationLandscapeLeft UIInterfaceOrientationLandscapeRight";
				IPHONEOS_DEPLOYMENT_TARGET = 11.0;
				LD_RUNPATH_SEARCH_PATHS = (
					"$(inherited)",
					"@executable_path/Frameworks",
				);
				MARKETING_VERSION = 1.0;
				PRODUCT_BUNDLE_IDENTIFIER = raul.com.MarvelApp;
				PRODUCT_NAME = "$(TARGET_NAME)";
				SWIFT_EMIT_LOC_STRINGS = YES;
				SWIFT_VERSION = 5.0;
				TARGETED_DEVICE_FAMILY = "1,2";
			};
			name = Release;
		};
		F73DE3BF29F19A0B005A358A /* Debug */ = {
			isa = XCBuildConfiguration;
			baseConfigurationReference = F4FCA3EEF3AC639F70675C92 /* Pods-MarvelAppTests.debug.xcconfig */;
			buildSettings = {
				ALWAYS_EMBED_SWIFT_STANDARD_LIBRARIES = YES;
				BUNDLE_LOADER = "$(TEST_HOST)";
				CODE_SIGN_STYLE = Automatic;
				CURRENT_PROJECT_VERSION = 1;
				DEVELOPMENT_TEAM = NXY2G8NXJS;
				GENERATE_INFOPLIST_FILE = YES;
				IPHONEOS_DEPLOYMENT_TARGET = 16.2;
				MARKETING_VERSION = 1.0;
				PRODUCT_BUNDLE_IDENTIFIER = raul.com.MarvelAppTests;
				PRODUCT_NAME = "$(TARGET_NAME)";
				SWIFT_EMIT_LOC_STRINGS = NO;
				SWIFT_VERSION = 5.0;
				TARGETED_DEVICE_FAMILY = "1,2";
				TEST_HOST = "$(BUILT_PRODUCTS_DIR)/MarvelApp.app/$(BUNDLE_EXECUTABLE_FOLDER_PATH)/MarvelApp";
			};
			name = Debug;
		};
		F73DE3C029F19A0B005A358A /* Release */ = {
			isa = XCBuildConfiguration;
			baseConfigurationReference = 8A8FA66F1E2137EFC5C3A59B /* Pods-MarvelAppTests.release.xcconfig */;
			buildSettings = {
				ALWAYS_EMBED_SWIFT_STANDARD_LIBRARIES = YES;
				BUNDLE_LOADER = "$(TEST_HOST)";
				CODE_SIGN_STYLE = Automatic;
				CURRENT_PROJECT_VERSION = 1;
				DEVELOPMENT_TEAM = NXY2G8NXJS;
				GENERATE_INFOPLIST_FILE = YES;
				IPHONEOS_DEPLOYMENT_TARGET = 16.2;
				MARKETING_VERSION = 1.0;
				PRODUCT_BUNDLE_IDENTIFIER = raul.com.MarvelAppTests;
				PRODUCT_NAME = "$(TARGET_NAME)";
				SWIFT_EMIT_LOC_STRINGS = NO;
				SWIFT_VERSION = 5.0;
				TARGETED_DEVICE_FAMILY = "1,2";
				TEST_HOST = "$(BUILT_PRODUCTS_DIR)/MarvelApp.app/$(BUNDLE_EXECUTABLE_FOLDER_PATH)/MarvelApp";
			};
			name = Release;
		};
		F73DE3C229F19A0B005A358A /* Debug */ = {
			isa = XCBuildConfiguration;
			baseConfigurationReference = DB54C9ABAFD82404B080EA1B /* Pods-MarvelApp-MarvelAppUITests.debug.xcconfig */;
			buildSettings = {
				ALWAYS_EMBED_SWIFT_STANDARD_LIBRARIES = YES;
				CODE_SIGN_STYLE = Automatic;
				CURRENT_PROJECT_VERSION = 1;
				DEVELOPMENT_TEAM = NXY2G8NXJS;
				GENERATE_INFOPLIST_FILE = YES;
				MARKETING_VERSION = 1.0;
				PRODUCT_BUNDLE_IDENTIFIER = raul.com.MarvelAppUITests;
				PRODUCT_NAME = "$(TARGET_NAME)";
				SWIFT_EMIT_LOC_STRINGS = NO;
				SWIFT_VERSION = 5.0;
				TARGETED_DEVICE_FAMILY = "1,2";
				TEST_TARGET_NAME = MarvelApp;
			};
			name = Debug;
		};
		F73DE3C329F19A0B005A358A /* Release */ = {
			isa = XCBuildConfiguration;
			baseConfigurationReference = 2A6A3FAD4178C424B1EB549E /* Pods-MarvelApp-MarvelAppUITests.release.xcconfig */;
			buildSettings = {
				ALWAYS_EMBED_SWIFT_STANDARD_LIBRARIES = YES;
				CODE_SIGN_STYLE = Automatic;
				CURRENT_PROJECT_VERSION = 1;
				DEVELOPMENT_TEAM = NXY2G8NXJS;
				GENERATE_INFOPLIST_FILE = YES;
				MARKETING_VERSION = 1.0;
				PRODUCT_BUNDLE_IDENTIFIER = raul.com.MarvelAppUITests;
				PRODUCT_NAME = "$(TARGET_NAME)";
				SWIFT_EMIT_LOC_STRINGS = NO;
				SWIFT_VERSION = 5.0;
				TARGETED_DEVICE_FAMILY = "1,2";
				TEST_TARGET_NAME = MarvelApp;
			};
			name = Release;
		};
/* End XCBuildConfiguration section */

/* Begin XCConfigurationList section */
		F73DE38C29F19A08005A358A /* Build configuration list for PBXProject "MarvelApp" */ = {
			isa = XCConfigurationList;
			buildConfigurations = (
				F73DE3B929F19A0B005A358A /* Debug */,
				F73DE3BA29F19A0B005A358A /* Release */,
			);
			defaultConfigurationIsVisible = 0;
			defaultConfigurationName = Release;
		};
		F73DE3BB29F19A0B005A358A /* Build configuration list for PBXNativeTarget "MarvelApp" */ = {
			isa = XCConfigurationList;
			buildConfigurations = (
				F73DE3BC29F19A0B005A358A /* Debug */,
				F73DE3BD29F19A0B005A358A /* Release */,
			);
			defaultConfigurationIsVisible = 0;
			defaultConfigurationName = Release;
		};
		F73DE3BE29F19A0B005A358A /* Build configuration list for PBXNativeTarget "MarvelAppTests" */ = {
			isa = XCConfigurationList;
			buildConfigurations = (
				F73DE3BF29F19A0B005A358A /* Debug */,
				F73DE3C029F19A0B005A358A /* Release */,
			);
			defaultConfigurationIsVisible = 0;
			defaultConfigurationName = Release;
		};
		F73DE3C129F19A0B005A358A /* Build configuration list for PBXNativeTarget "MarvelAppUITests" */ = {
			isa = XCConfigurationList;
			buildConfigurations = (
				F73DE3C229F19A0B005A358A /* Debug */,
				F73DE3C329F19A0B005A358A /* Release */,
			);
			defaultConfigurationIsVisible = 0;
			defaultConfigurationName = Release;
		};
/* End XCConfigurationList section */
	};
	rootObject = F73DE38929F19A08005A358A /* Project object */;
}
